
Microsoft Visual Studio Solution File, Format Version 12.00
Project("{FAE04EC0-301F-11D3-BF4B-00C04F79EFBC}") = "RelicDraft", "RelicDraft.csproj", "{BE956C4F-4CB9-4C44-82CF-0CAE905E22E7}"
EndProject
Global
	GlobalSection(SolutionConfigurationPlatforms) = preSolution
		Debug|Any CPU = Debug|Any CPU
		ExportDebug|Any CPU = ExportDebug|Any CPU
		ExportRelease|Any CPU = ExportRelease|Any CPU
	EndGlobalSection
	GlobalSection(ProjectConfigurationPlatforms) = postSolution
		{BE956C4F-4CB9-4C44-82CF-0CAE905E22E7}.Debug|Any CPU.ActiveCfg = Debug|Any CPU
		{BE956C4F-4CB9-4C44-82CF-0CAE905E22E7}.Debug|Any CPU.Build.0 = Debug|Any CPU
		{BE956C4F-4CB9-4C44-82CF-0CAE905E22E7}.ExportDebug|Any CPU.ActiveCfg = ExportDebug|Any CPU
		{BE956C4F-4CB9-4C44-82CF-0CAE905E22E7}.ExportDebug|Any CPU.Build.0 = ExportDebug|Any CPU
		{BE956C4F-4CB9-4C44-82CF-0CAE905E22E7}.ExportRelease|Any CPU.ActiveCfg = ExportRelease|Any CPU
		{BE956C4F-4CB9-4C44-82CF-0CAE905E22E7}.ExportRelease|Any CPU.Build.0 = ExportRelease|Any CPU
	EndGlobalSection
EndGlobal
